{
  "name": "hello-ios-example",
  "version": "0.0.0",
  "lockfileVersion": 3,
  "requires": true,
  "packages": {
    "": {
      "name": "hello-ios-example",
      "version": "0.0.0",
      "dependencies": {
        "tish-ios": "file:../../crates/tish-ios"
      }
    },
    "../../crates/tish-ios": {
      "version": "0.1.0",
      "license": "MIT"
    },
    "node_modules/tish-ios": {
      "resolved": "../../crates/tish-ios",
      "link": true
    }
  }
}
